
Microsoft Visual Studio Solution File, Format Version 12.00
# Visual Studio Version 16
VisualStudioVersion = 16.0.31129.286
MinimumVisualStudioVersion = 10.0.40219.1
Project("{9A19103F-16F7-4668-BE54-9A1E7A4F7556}") = "BasicMvcWebApp", "BasicMvcWebApp\BasicMvcWebApp.csproj", "{663299ED-288A-4545-8955-C875DD255376}"
EndProject
Project("{9A19103F-16F7-4668-BE54-9A1E7A4F7556}") = "DbWebApp", "DbWebApp\DbWebApp.csproj", "{944BC017-92C2-43D2-A469-B6D6AE9DADE9}"
EndProject
Project("{9A19103F-16F7-4668-BE54-9A1E7A4F7556}") = "TodoListWebApp", "TodoListWebApp\TodoListWebApp.csproj", "{6D1F34B5-55F6-4DDC-A941-0E6E23C91BA6}"
EndProject
Project("{9A19103F-16F7-4668-BE54-9A1E7A4F7556}") = "RestApiTestApp", "RestApiTestApp\RestApiTestApp.csproj", "{7426A17C-0400-4BC3-8500-AD4DBED15ABE}"
EndProject
Project("{9A19103F-16F7-4668-BE54-9A1E7A4F7556}") = "MyPortfolio", "MyPortpolio\MyPortfolio.csproj", "{71D2368A-D15E-4900-8819-5E3F1460A99D}"
EndProject
Project("{00D1A9C2-B5F0-4AF3-8072-F6C62B433612}") = "TotalDatabase", "TotalDatabase\TotalDatabase.sqlproj", "{3963937F-E651-494E-ADA1-A6BD80E4BF75}"
EndProject
Global
	GlobalSection(SolutionConfigurationPlatforms) = preSolution
		Debug|Any CPU = Debug|Any CPU
		Release|Any CPU = Release|Any CPU
	EndGlobalSection
	GlobalSection(ProjectConfigurationPlatforms) = postSolution
		{663299ED-288A-4545-8955-C875DD255376}.Debug|Any CPU.ActiveCfg = Debug|Any CPU
		{663299ED-288A-4545-8955-C875DD255376}.Debug|Any CPU.Build.0 = Debug|Any CPU
		{663299ED-288A-4545-8955-C875DD255376}.Release|Any CPU.ActiveCfg = Release|Any CPU
		{663299ED-288A-4545-8955-C875DD255376}.Release|Any CPU.Build.0 = Release|Any CPU
		{944BC017-92C2-43D2-A469-B6D6AE9DADE9}.Debug|Any CPU.ActiveCfg = Debug|Any CPU
		{944BC017-92C2-43D2-A469-B6D6AE9DADE9}.Debug|Any CPU.Build.0 = Debug|Any CPU
		{944BC017-92C2-43D2-A469-B6D6AE9DADE9}.Release|Any CPU.ActiveCfg = Release|Any CPU
		{944BC017-92C2-43D2-A469-B6D6AE9DADE9}.Release|Any CPU.Build.0 = Release|Any CPU
		{6D1F34B5-55F6-4DDC-A941-0E6E23C91BA6}.Debug|Any CPU.ActiveCfg = Debug|Any CPU
		{6D1F34B5-55F6-4DDC-A941-0E6E23C91BA6}.Debug|Any CPU.Build.0 = Debug|Any CPU
		{6D1F34B5-55F6-4DDC-A941-0E6E23C91BA6}.Release|Any CPU.ActiveCfg = Release|Any CPU
		{6D1F34B5-55F6-4DDC-A941-0E6E23C91BA6}.Release|Any CPU.Build.0 = Release|Any CPU
		{7426A17C-0400-4BC3-8500-AD4DBED15ABE}.Debug|Any CPU.ActiveCfg = Debug|Any CPU
		{7426A17C-0400-4BC3-8500-AD4DBED15ABE}.Debug|Any CPU.Build.0 = Debug|Any CPU
		{7426A17C-0400-4BC3-8500-AD4DBED15ABE}.Release|Any CPU.ActiveCfg = Release|Any CPU
		{7426A17C-0400-4BC3-8500-AD4DBED15ABE}.Release|Any CPU.Build.0 = Release|Any CPU
		{71D2368A-D15E-4900-8819-5E3F1460A99D}.Debug|Any CPU.ActiveCfg = Debug|Any CPU
		{71D2368A-D15E-4900-8819-5E3F1460A99D}.Debug|Any CPU.Build.0 = Debug|Any CPU
		{71D2368A-D15E-4900-8819-5E3F1460A99D}.Release|Any CPU.ActiveCfg = Release|Any CPU
		{71D2368A-D15E-4900-8819-5E3F1460A99D}.Release|Any CPU.Build.0 = Release|Any CPU
		{3963937F-E651-494E-ADA1-A6BD80E4BF75}.Debug|Any CPU.ActiveCfg = Debug|Any CPU
		{3963937F-E651-494E-ADA1-A6BD80E4BF75}.Debug|Any CPU.Build.0 = Debug|Any CPU
		{3963937F-E651-494E-ADA1-A6BD80E4BF75}.Debug|Any CPU.Deploy.0 = Debug|Any CPU
		{3963937F-E651-494E-ADA1-A6BD80E4BF75}.Release|Any CPU.ActiveCfg = Release|Any CPU
		{3963937F-E651-494E-ADA1-A6BD80E4BF75}.Release|Any CPU.Build.0 = Release|Any CPU
		{3963937F-E651-494E-ADA1-A6BD80E4BF75}.Release|Any CPU.Deploy.0 = Release|Any CPU
	EndGlobalSection
	GlobalSection(SolutionProperties) = preSolution
		HideSolutionNode = FALSE
	EndGlobalSection
	GlobalSection(ExtensibilityGlobals) = postSolution
		SolutionGuid = {DAF172FC-F3ED-4A34-8F89-955FE290C06A}
	EndGlobalSection
EndGlobal
